
Microsoft Visual Studio Solution File, Format Version 12.00
# Visual Studio Version 16
VisualStudioVersion = 16.0.31729.503
MinimumVisualStudioVersion = 10.0.40219.1
Project("{8BC9CEB8-8B4A-11D0-8D11-00A0C91BC942}") = "Dessert Valley", "Dessert Valley\Dessert Valley.vcxproj", "{1C1B6B29-1FBB-459C-A428-57E59AEB4657}"
EndProject
Global
	GlobalSection(SolutionConfigurationPlatforms) = preSolution
		Debug|x64 = Debug|x64
		Debug|x86 = Debug|x86
		Release|x64 = Release|x64
		Release|x86 = Release|x86
	EndGlobalSection
	GlobalSection(ProjectConfigurationPlatforms) = postSolution
		{1C1B6B29-1FBB-459C-A428-57E59AEB4657}.Debug|x64.ActiveCfg = Debug|x64
		{1C1B6B29-1FBB-459C-A428-57E59AEB4657}.Debug|x64.Build.0 = Debug|x64
		{1C1B6B29-1FBB-459C-A428-57E59AEB4657}.Debug|x86.ActiveCfg = Debug|Win32
		{1C1B6B29-1FBB-459C-A428-57E59AEB4657}.Debug|x86.Build.0 = Debug|Win32
		{1C1B6B29-1FBB-459C-A428-57E59AEB4657}.Release|x64.ActiveCfg = Release|x64
		{1C1B6B29-1FBB-459C-A428-57E59AEB4657}.Release|x64.Build.0 = Release|x64
		{1C1B6B29-1FBB-459C-A428-57E59AEB4657}.Release|x86.ActiveCfg = Release|Win32
		{1C1B6B29-1FBB-459C-A428-57E59AEB4657}.Release|x86.Build.0 = Release|Win32
	EndGlobalSection
	GlobalSection(SolutionProperties) = preSolution
		HideSolutionNode = FALSE
	EndGlobalSection
	GlobalSection(ExtensibilityGlobals) = postSolution
		SolutionGuid = {8E9D70D4-8C0A-4A53-9ED8-4D698958661B}
	EndGlobalSection
EndGlobal
